// !$*UTF8*$!
{
	archiveVersion = 1;
	classes = {
	};
	objectVersion = 48;
	objects = {

/* Begin PBXBuildFile section */
		441176BC1FB8F0EC0095E00C /* AppDelegate.swift in Sources */ = {isa = PBXBuildFile; fileRef = 441176BB1FB8F0EC0095E00C /* AppDelegate.swift */; };
		441176BE1FB8F0EC0095E00C /* ViewController.swift in Sources */ = {isa = PBXBuildFile; fileRef = 441176BD1FB8F0EC0095E00C /* ViewController.swift */; };
		441176C11FB8F0EC0095E00C /* Main.storyboard in Resources */ = {isa = PBXBuildFile; fileRef = 441176BF1FB8F0EC0095E00C /* Main.storyboard */; };
		441176C31FB8F0EC0095E00C /* Assets.xcassets in Resources */ = {isa = PBXBuildFile; fileRef = 441176C21FB8F0EC0095E00C /* Assets.xcassets */; };
		441176C61FB8F0EC0095E00C /* LaunchScreen.storyboard in Resources */ = {isa = PBXBuildFile; fileRef = 441176C41FB8F0EC0095E00C /* LaunchScreen.storyboard */; };
		441176D11FB8F0EC0095E00C /* HOTHBruinTapTests.swift in Sources */ = {isa = PBXBuildFile; fileRef = 441176D01FB8F0EC0095E00C /* HOTHBruinTapTests.swift */; };
		441176DC1FB8F0EC0095E00C /* HOTHBruinTapUITests.swift in Sources */ = {isa = PBXBuildFile; fileRef = 441176DB1FB8F0EC0095E00C /* HOTHBruinTapUITests.swift */; };
/* End PBXBuildFile section */

/* Begin PBXContainerItemProxy section */
		441176CD1FB8F0EC0095E00C /* PBXContainerItemProxy */ = {
			isa = PBXContainerItemProxy;
			containerPortal = 441176B01FB8F0EC0095E00C /* Project object */;
			proxyType = 1;
			remoteGlobalIDString = 441176B71FB8F0EC0095E00C;
			remoteInfo = HOTHBruinTap;
		};
		441176D81FB8F0EC0095E00C /* PBXContainerItemProxy */ = {
			isa = PBXContainerItemProxy;
			containerPortal = 441176B01FB8F0EC0095E00C /* Project object */;
			proxyType = 1;
			remoteGlobalIDString = 441176B71FB8F0EC0095E00C;
			remoteInfo = HOTHBruinTap;
		};
/* End PBXContainerItemProxy section */

/* Begin PBXFileReference section */
		441176B81FB8F0EC0095E00C /* HOTHBruinTap.app */ = {isa = PBXFileReference; explicitFileType = wrapper.application; includeInIndex = 0; path = HOTHBruinTap.app; sourceTree = BUILT_PRODUCTS_DIR; };
		441176BB1FB8F0EC0095E00C /* AppDelegate.swift */ = {isa = PBXFileReference; lastKnownFileType = sourcecode.swift; path = AppDelegate.swift; sourceTree = "<group>"; };
		441176BD1FB8F0EC0095E00C /* ViewController.swift */ = {isa = PBXFileReference; lastKnownFileType = sourcecode.swift; path = ViewController.swift; sourceTree = "<group>"; };
		441176C01FB8F0EC0095E00C /* Base */ = {isa = PBXFileReference; lastKnownFileType = file.storyboard; name = Base; path = Base.lproj/Main.storyboard; sourceTree = "<group>"; };
		441176C21FB8F0EC0095E00C /* Assets.xcassets */ = {isa = PBXFileReference; lastKnownFileType = folder.assetcatalog; path = Assets.xcassets; sourceTree = "<group>"; };
		441176C51FB8F0EC0095E00C /* Base */ = {isa = PBXFileReference; lastKnownFileType = file.storyboard; name = Base; path = Base.lproj/LaunchScreen.storyboard; sourceTree = "<group>"; };
		441176C71FB8F0EC0095E00C /* Info.plist */ = {isa = PBXFileReference; lastKnownFileType = text.plist.xml; path = Info.plist; sourceTree = "<group>"; };
		441176CC1FB8F0EC0095E00C /* HOTHBruinTapTests.xctest */ = {isa = PBXFileReference; explicitFileType = wrapper.cfbundle; includeInIndex = 0; path = HOTHBruinTapTests.xctest; sourceTree = BUILT_PRODUCTS_DIR; };
		441176D01FB8F0EC0095E00C /* HOTHBruinTapTests.swift */ = {isa = PBXFileReference; lastKnownFileType = sourcecode.swift; path = HOTHBruinTapTests.swift; sourceTree = "<group>"; };
		441176D21FB8F0EC0095E00C /* Info.plist */ = {isa = PBXFileReference; lastKnownFileType = text.plist.xml; path = Info.plist; sourceTree = "<group>"; };
		441176D71FB8F0EC0095E00C /* HOTHBruinTapUITests.xctest */ = {isa = PBXFileReference; explicitFileType = wrapper.cfbundle; includeInIndex = 0; path = HOTHBruinTapUITests.xctest; sourceTree = BUILT_PRODUCTS_DIR; };
		441176DB1FB8F0EC0095E00C /* HOTHBruinTapUITests.swift */ = {isa = PBXFileReference; lastKnownFileType = sourcecode.swift; path = HOTHBruinTapUITests.swift; sourceTree = "<group>"; };
		441176DD1FB8F0EC0095E00C /* Info.plist */ = {isa = PBXFileReference; lastKnownFileType = text.plist.xml; path = Info.plist; sourceTree = "<group>"; };
/* End PBXFileReference section */

/* Begin PBXFrameworksBuildPhase section */
		441176B51FB8F0EC0095E00C /* Frameworks */ = {
			isa = PBXFrameworksBuildPhase;
			buildActionMask = 2147483647;
			files = (
			);
			runOnlyForDeploymentPostprocessing = 0;
		};
		441176C91FB8F0EC0095E00C /* Frameworks */ = {
			isa = PBXFrameworksBuildPhase;
			buildActionMask = 2147483647;
			files = (
			);
			runOnlyForDeploymentPostprocessing = 0;
		};
		441176D41FB8F0EC0095E00C /* Frameworks */ = {
			isa = PBXFrameworksBuildPhase;
			buildActionMask = 2147483647;
			files = (
			);
			runOnlyForDeploymentPostprocessing = 0;
		};
/* End PBXFrameworksBuildPhase section */

/* Begin PBXGroup section */
		441176AF1FB8F0EC0095E00C = {
			isa = PBXGroup;
			children = (
				441176BA1FB8F0EC0095E00C /* HOTHBruinTap */,
				441176CF1FB8F0EC0095E00C /* HOTHBruinTapTests */,
				441176DA1FB8F0EC0095E00C /* HOTHBruinTapUITests */,
				441176B91FB8F0EC0095E00C /* Products */,
			);
			sourceTree = "<group>";
		};
		441176B91FB8F0EC0095E00C /* Products */ = {
			isa = PBXGroup;
			children = (
				441176B81FB8F0EC0095E00C /* HOTHBruinTap.app */,
				441176CC1FB8F0EC0095E00C /* HOTHBruinTapTests.xctest */,
				441176D71FB8F0EC0095E00C /* HOTHBruinTapUITests.xctest */,
			);
			name = Products;
			sourceTree = "<group>";
		};
		441176BA1FB8F0EC0095E00C /* HOTHBruinTap */ = {
			isa = PBXGroup;
			children = (
				441176BB1FB8F0EC0095E00C /* AppDelegate.swift */,
				441176BD1FB8F0EC0095E00C /* ViewController.swift */,
				441176BF1FB8F0EC0095E00C /* Main.storyboard */,
				441176C21FB8F0EC0095E00C /* Assets.xcassets */,
				441176C41FB8F0EC0095E00C /* LaunchScreen.storyboard */,
				441176C71FB8F0EC0095E00C /* Info.plist */,
			);
			path = HOTHBruinTap;
			sourceTree = "<group>";
		};
		441176CF1FB8F0EC0095E00C /* HOTHBruinTapTests */ = {
			isa = PBXGroup;
			children = (
				441176D01FB8F0EC0095E00C /* HOTHBruinTapTests.swift */,
				441176D21FB8F0EC0095E00C /* Info.plist */,
			);
			path = HOTHBruinTapTests;
			sourceTree = "<group>";
		};
		441176DA1FB8F0EC0095E00C /* HOTHBruinTapUITests */ = {
			isa = PBXGroup;
			children = (
				441176DB1FB8F0EC0095E00C /* HOTHBruinTapUITests.swift */,
				441176DD1FB8F0EC0095E00C /* Info.plist */,
			);
			path = HOTHBruinTapUITests;
			sourceTree = "<group>";
		};
/* End PBXGroup section */

/* Begin PBXNativeTarget section */
		441176B71FB8F0EC0095E00C /* HOTHBruinTap */ = {
			isa = PBXNativeTarget;
			buildConfigurationList = 441176E01FB8F0EC0095E00C /* Build configuration list for PBXNativeTarget "HOTHBruinTap" */;
			buildPhases = (
				441176B41FB8F0EC0095E00C /* Sources */,
				441176B51FB8F0EC0095E00C /* Frameworks */,
				441176B61FB8F0EC0095E00C /* Resources */,
			);
			buildRules = (
			);
			dependencies = (
			);
			name = HOTHBruinTap;
			productName = HOTHBruinTap;
			productReference = 441176B81FB8F0EC0095E00C /* HOTHBruinTap.app */;
			productType = "com.apple.product-type.application";
		};
		441176CB1FB8F0EC0095E00C /* HOTHBruinTapTests */ = {
			isa = PBXNativeTarget;
			buildConfigurationList = 441176E31FB8F0EC0095E00C /* Build configuration list for PBXNativeTarget "HOTHBruinTapTests" */;
			buildPhases = (
				441176C81FB8F0EC0095E00C /* Sources */,
				441176C91FB8F0EC0095E00C /* Frameworks */,
				441176CA1FB8F0EC0095E00C /* Resources */,
			);
			buildRules = (
			);
			dependencies = (
				441176CE1FB8F0EC0095E00C /* PBXTargetDependency */,
			);
			name = HOTHBruinTapTests;
			productName = HOTHBruinTapTests;
			productReference = 441176CC1FB8F0EC0095E00C /* HOTHBruinTapTests.xctest */;
			productType = "com.apple.product-type.bundle.unit-test";
		};
		441176D61FB8F0EC0095E00C /* HOTHBruinTapUITests */ = {
			isa = PBXNativeTarget;
			buildConfigurationList = 441176E61FB8F0EC0095E00C /* Build configuration list for PBXNativeTarget "HOTHBruinTapUITests" */;
			buildPhases = (
				441176D31FB8F0EC0095E00C /* Sources */,
				441176D41FB8F0EC0095E00C /* Frameworks */,
				441176D51FB8F0EC0095E00C /* Resources */,
			);
			buildRules = (
			);
			dependencies = (
				441176D91FB8F0EC0095E00C /* PBXTargetDependency */,
			);
			name = HOTHBruinTapUITests;
			productName = HOTHBruinTapUITests;
			productReference = 441176D71FB8F0EC0095E00C /* HOTHBruinTapUITests.xctest */;
			productType = "com.apple.product-type.bundle.ui-testing";
		};
/* End PBXNativeTarget section */

/* Begin PBXProject section */
		441176B01FB8F0EC0095E00C /* Project object */ = {
			isa = PBXProject;
			attributes = {
				LastSwiftUpdateCheck = 0910;
				LastUpgradeCheck = 0910;
				ORGANIZATIONNAME = "Kevin Tan";
				TargetAttributes = {
					441176B71FB8F0EC0095E00C = {
						CreatedOnToolsVersion = 9.1;
						ProvisioningStyle = Automatic;
					};
					441176CB1FB8F0EC0095E00C = {
						CreatedOnToolsVersion = 9.1;
						ProvisioningStyle = Automatic;
						TestTargetID = 441176B71FB8F0EC0095E00C;
					};
					441176D61FB8F0EC0095E00C = {
						CreatedOnToolsVersion = 9.1;
						ProvisioningStyle = Automatic;
						TestTargetID = 441176B71FB8F0EC0095E00C;
					};
				};
			};
			buildConfigurationList = 441176B31FB8F0EC0095E00C /* Build configuration list for PBXProject "HOTHBruinTap" */;
			compatibilityVersion = "Xcode 8.0";
			developmentRegion = en;
			hasScannedForEncodings = 0;
			knownRegions = (
				en,
				Base,
			);
			mainGroup = 441176AF1FB8F0EC0095E00C;
			productRefGroup = 441176B91FB8F0EC0095E00C /* Products */;
			projectDirPath = "";
			projectRoot = "";
			targets = (
				441176B71FB8F0EC0095E00C /* HOTHBruinTap */,
				441176CB1FB8F0EC0095E00C /* HOTHBruinTapTests */,
				441176D61FB8F0EC0095E00C /* HOTHBruinTapUITests */,
			);
		};
/* End PBXProject section */

/* Begin PBXResourcesBuildPhase section */
		441176B61FB8F0EC0095E00C /* Resources */ = {
			isa = PBXResourcesBuildPhase;
			buildActionMask = 2147483647;
			files = (
				441176C61FB8F0EC0095E00C /* LaunchScreen.storyboard in Resources */,
				441176C31FB8F0EC0095E00C /* Assets.xcassets in Resources */,
				441176C11FB8F0EC0095E00C /* Main.storyboard in Resources */,
			);
			runOnlyForDeploymentPostprocessing = 0;
		};
		441176CA1FB8F0EC0095E00C /* Resources */ = {
			isa = PBXResourcesBuildPhase;
			buildActionMask = 2147483647;
			files = (
			);
			runOnlyForDeploymentPostprocessing = 0;
		};
		441176D51FB8F0EC0095E00C /* Resources */ = {
			isa = PBXResourcesBuildPhase;
			buildActionMask = 2147483647;
			files = (
			);
			runOnlyForDeploymentPostprocessing = 0;
		};
/* End PBXResourcesBuildPhase section */

/* Begin PBXSourcesBuildPhase section */
		441176B41FB8F0EC0095E00C /* Sources */ = {
			isa = PBXSourcesBuildPhase;
			buildActionMask = 2147483647;
			files = (
				441176BE1FB8F0EC0095E00C /* ViewController.swift in Sources */,
				441176BC1FB8F0EC0095E00C /* AppDelegate.swift in Sources */,
			);
			runOnlyForDeploymentPostprocessing = 0;
		};
		441176C81FB8F0EC0095E00C /* Sources */ = {
			isa = PBXSourcesBuildPhase;
			buildActionMask = 2147483647;
			files = (
				441176D11FB8F0EC0095E00C /* HOTHBruinTapTests.swift in Sources */,
			);
			runOnlyForDeploymentPostprocessing = 0;
		};
		441176D31FB8F0EC0095E00C /* Sources */ = {
			isa = PBXSourcesBuildPhase;
			buildActionMask = 2147483647;
			files = (
				441176DC1FB8F0EC0095E00C /* HOTHBruinTapUITests.swift in Sources */,
			);
			runOnlyForDeploymentPostprocessing = 0;
		};
/* End PBXSourcesBuildPhase section */

/* Begin PBXTargetDependency section */
		441176CE1FB8F0EC0095E00C /* PBXTargetDependency */ = {
			isa = PBXTargetDependency;
			target = 441176B71FB8F0EC0095E00C /* HOTHBruinTap */;
			targetProxy = 441176CD1FB8F0EC0095E00C /* PBXContainerItemProxy */;
		};
		441176D91FB8F0EC0095E00C /* PBXTargetDependency */ = {
			isa = PBXTargetDependency;
			target = 441176B71FB8F0EC0095E00C /* HOTHBruinTap */;
			targetProxy = 441176D81FB8F0EC0095E00C /* PBXContainerItemProxy */;
		};
/* End PBXTargetDependency section */

/* Begin PBXVariantGroup section */
		441176BF1FB8F0EC0095E00C /* Main.storyboard */ = {
			isa = PBXVariantGroup;
			children = (
				441176C01FB8F0EC0095E00C /* Base */,
			);
			name = Main.storyboard;
			sourceTree = "<group>";
		};
		441176C41FB8F0EC0095E00C /* LaunchScreen.storyboard */ = {
			isa = PBXVariantGroup;
			children = (
				441176C51FB8F0EC0095E00C /* Base */,
			);
			name = LaunchScreen.storyboard;
			sourceTree = "<group>";
		};
/* End PBXVariantGroup section */

/* Begin XCBuildConfiguration section */
		441176DE1FB8F0EC0095E00C /* Debug */ = {
			isa = XCBuildConfiguration;
			buildSettings = {
				ALWAYS_SEARCH_USER_PATHS = NO;
				CLANG_ANALYZER_NONNULL = YES;
				CLANG_ANALYZER_NUMBER_OBJECT_CONVERSION = YES_AGGRESSIVE;
				CLANG_CXX_LANGUAGE_STANDARD = "gnu++14";
				CLANG_CXX_LIBRARY = "libc++";
				CLANG_ENABLE_MODULES = YES;
				CLANG_ENABLE_OBJC_ARC = YES;
				CLANG_WARN_BLOCK_CAPTURE_AUTORELEASING = YES;
				CLANG_WARN_BOOL_CONVERSION = YES;
				CLANG_WARN_COMMA = YES;
				CLANG_WARN_CONSTANT_CONVERSION = YES;
				CLANG_WARN_DIRECT_OBJC_ISA_USAGE = YES_ERROR;
				CLANG_WARN_DOCUMENTATION_COMMENTS = YES;
				CLANG_WARN_EMPTY_BODY = YES;
				CLANG_WARN_ENUM_CONVERSION = YES;
				CLANG_WARN_INFINITE_RECURSION = YES;
				CLANG_WARN_INT_CONVERSION = YES;
				CLANG_WARN_NON_LITERAL_NULL_CONVERSION = YES;
				CLANG_WARN_OBJC_LITERAL_CONVERSION = YES;
				CLANG_WARN_OBJC_ROOT_CLASS = YES_ERROR;
				CLANG_WARN_RANGE_LOOP_ANALYSIS = YES;
				CLANG_WARN_STRICT_PROTOTYPES = YES;
				CLANG_WARN_SUSPICIOUS_MOVE = YES;
				CLANG_WARN_UNGUARDED_AVAILABILITY = YES_AGGRESSIVE;
				CLANG_WARN_UNREACHABLE_CODE = YES;
				CLANG_WARN__DUPLICATE_METHOD_MATCH = YES;
				CODE_SIGN_IDENTITY = "iPhone Developer";
				COPY_PHASE_STRIP = NO;
				DEBUG_INFORMATION_FORMAT = dwarf;
				ENABLE_STRICT_OBJC_MSGSEND = YES;
				ENABLE_TESTABILITY = YES;
				GCC_C_LANGUAGE_STANDARD = gnu11;
				GCC_DYNAMIC_NO_PIC = NO;
				GCC_NO_COMMON_BLOCKS = YES;
				GCC_OPTIMIZATION_LEVEL = 0;
				GCC_PREPROCESSOR_DEFINITIONS = (
					"DEBUG=1",
					"$(inherited)",
				);
				GCC_WARN_64_TO_32_BIT_CONVERSION = YES;
				GCC_WARN_ABOUT_RETURN_TYPE = YES_ERROR;
				GCC_WARN_UNDECLARED_SELECTOR = YES;
				GCC_WARN_UNINITIALIZED_AUTOS = YES_AGGRESSIVE;
				GCC_WARN_UNUSED_FUNCTION = YES;
				GCC_WARN_UNUSED_VARIABLE = YES;
				IPHONEOS_DEPLOYMENT_TARGET = 11.1;
				MTL_ENABLE_DEBUG_INFO = YES;
				ONLY_ACTIVE_ARCH = YES;
				SDKROOT = iphoneos;
				SWIFT_ACTIVE_COMPILATION_CONDITIONS = DEBUG;
				SWIFT_OPTIMIZATION_LEVEL = "-Onone";
			};
			name = Debug;
		};
		441176DF1FB8F0EC0095E00C /* Release */ = {
			isa = XCBuildConfiguration;
			buildSettings = {
				ALWAYS_SEARCH_USER_PATHS = NO;
				CLANG_ANALYZER_NONNULL = YES;
				CLANG_ANALYZER_NUMBER_OBJECT_CONVERSION = YES_AGGRESSIVE;
				CLANG_CXX_LANGUAGE_STANDARD = "gnu++14";
				CLANG_CXX_LIBRARY = "libc++";
				CLANG_ENABLE_MODULES = YES;
				CLANG_ENABLE_OBJC_ARC = YES;
				CLANG_WARN_BLOCK_CAPTURE_AUTORELEASING = YES;
				CLANG_WARN_BOOL_CONVERSION = YES;
				CLANG_WARN_COMMA = YES;
				CLANG_WARN_CONSTANT_CONVERSION = YES;
				CLANG_WARN_DIRECT_OBJC_ISA_USAGE = YES_ERROR;
				CLANG_WARN_DOCUMENTATION_COMMENTS = YES;
				CLANG_WARN_EMPTY_BODY = YES;
				CLANG_WARN_ENUM_CONVERSION = YES;
				CLANG_WARN_INFINITE_RECURSION = YES;
				CLANG_WARN_INT_CONVERSION = YES;
				CLANG_WARN_NON_LITERAL_NULL_CONVERSION = YES;
				CLANG_WARN_OBJC_LITERAL_CONVERSION = YES;
				CLANG_WARN_OBJC_ROOT_CLASS = YES_ERROR;
				CLANG_WARN_RANGE_LOOP_ANALYSIS = YES;
				CLANG_WARN_STRICT_PROTOTYPES = YES;
				CLANG_WARN_SUSPICIOUS_MOVE = YES;
				CLANG_WARN_UNGUARDED_AVAILABILITY = YES_AGGRESSIVE;
				CLANG_WARN_UNREACHABLE_CODE = YES;
				CLANG_WARN__DUPLICATE_METHOD_MATCH = YES;
				CODE_SIGN_IDENTITY = "iPhone Developer";
				COPY_PHASE_STRIP = NO;
				DEBUG_INFORMATION_FORMAT = "dwarf-with-dsym";
				ENABLE_NS_ASSERTIONS = NO;
				ENABLE_STRICT_OBJC_MSGSEND = YES;
				GCC_C_LANGUAGE_STANDARD = gnu11;
				GCC_NO_COMMON_BLOCKS = YES;
				GCC_WARN_64_TO_32_BIT_CONVERSION = YES;
				GCC_WARN_ABOUT_RETURN_TYPE = YES_ERROR;
				GCC_WARN_UNDECLARED_SELECTOR = YES;
				GCC_WARN_UNINITIALIZED_AUTOS = YES_AGGRESSIVE;
				GCC_WARN_UNUSED_FUNCTION = YES;
				GCC_WARN_UNUSED_VARIABLE = YES;
				IPHONEOS_DEPLOYMENT_TARGET = 11.1;
				MTL_ENABLE_DEBUG_INFO = NO;
				SDKROOT = iphoneos;
				SWIFT_OPTIMIZATION_LEVEL = "-Owholemodule";
				VALIDATE_PRODUCT = YES;
			};
			name = Release;
		};
		441176E11FB8F0EC0095E00C /* Debug */ = {
			isa = XCBuildConfiguration;
			buildSettings = {
				ASSETCATALOG_COMPILER_APPICON_NAME = AppIcon;
				CODE_SIGN_STYLE = Automatic;
				DEVELOPMENT_TEAM = 35RJCBGV7U;
				INFOPLIST_FILE = HOTHBruinTap/Info.plist;
				LD_RUNPATH_SEARCH_PATHS = "$(inherited) @executable_path/Frameworks";
				PRODUCT_BUNDLE_IDENTIFIER = "Kevin-Tan.HOTHBruinTap";
				PRODUCT_NAME = "$(TARGET_NAME)";
				SWIFT_VERSION = 4.0;
				TARGETED_DEVICE_FAMILY = "1,2";
			};
			name = Debug;
		};
		441176E21FB8F0EC0095E00C /* Release */ = {
			isa = XCBuildConfiguration;
			buildSettings = {
				ASSETCATALOG_COMPILER_APPICON_NAME = AppIcon;
				CODE_SIGN_STYLE = Automatic;
				DEVELOPMENT_TEAM = 35RJCBGV7U;
				INFOPLIST_FILE = HOTHBruinTap/Info.plist;
				LD_RUNPATH_SEARCH_PATHS = "$(inherited) @executable_path/Frameworks";
				PRODUCT_BUNDLE_IDENTIFIER = "Kevin-Tan.HOTHBruinTap";
				PRODUCT_NAME = "$(TARGET_NAME)";
				SWIFT_VERSION = 4.0;
				TARGETED_DEVICE_FAMILY = "1,2";
			};
			name = Release;
		};
		441176E41FB8F0EC0095E00C /* Debug */ = {
			isa = XCBuildConfiguration;
			buildSettings = {
				ALWAYS_EMBED_SWIFT_STANDARD_LIBRARIES = YES;
				BUNDLE_LOADER = "$(TEST_HOST)";
				CODE_SIGN_STYLE = Automatic;
				DEVELOPMENT_TEAM = 35RJCBGV7U;
				INFOPLIST_FILE = HOTHBruinTapTests/Info.plist;
				LD_RUNPATH_SEARCH_PATHS = "$(inherited) @executable_path/Frameworks @loader_path/Frameworks";
				PRODUCT_BUNDLE_IDENTIFIER = "Kevin-Tan.HOTHBruinTapTests";
				PRODUCT_NAME = "$(TARGET_NAME)";
				SWIFT_VERSION = 4.0;
				TARGETED_DEVICE_FAMILY = "1,2";
				TEST_HOST = "$(BUILT_PRODUCTS_DIR)/HOTHBruinTap.app/HOTHBruinTap";
			};
			name = Debug;
		};
		441176E51FB8F0EC0095E00C /* Release */ = {
			isa = XCBuildConfiguration;
			buildSettings = {
				ALWAYS_EMBED_SWIFT_STANDARD_LIBRARIES = YES;
				BUNDLE_LOADER = "$(TEST_HOST)";
				CODE_SIGN_STYLE = Automatic;
				DEVELOPMENT_TEAM = 35RJCBGV7U;
				INFOPLIST_FILE = HOTHBruinTapTests/Info.plist;
				LD_RUNPATH_SEARCH_PATHS = "$(inherited) @executable_path/Frameworks @loader_path/Frameworks";
				PRODUCT_BUNDLE_IDENTIFIER = "Kevin-Tan.HOTHBruinTapTests";
				PRODUCT_NAME = "$(TARGET_NAME)";
				SWIFT_VERSION = 4.0;
				TARGETED_DEVICE_FAMILY = "1,2";
				TEST_HOST = "$(BUILT_PRODUCTS_DIR)/HOTHBruinTap.app/HOTHBruinTap";
			};
			name = Release;
		};
		441176E71FB8F0EC0095E00C /* Debug */ = {
			isa = XCBuildConfiguration;
			buildSettings = {
				ALWAYS_EMBED_SWIFT_STANDARD_LIBRARIES = YES;
				CODE_SIGN_STYLE = Automatic;
				DEVELOPMENT_TEAM = 35RJCBGV7U;
				INFOPLIST_FILE = HOTHBruinTapUITests/Info.plist;
				LD_RUNPATH_SEARCH_PATHS = "$(inherited) @executable_path/Frameworks @loader_path/Frameworks";
				PRODUCT_BUNDLE_IDENTIFIER = "Kevin-Tan.HOTHBruinTapUITests";
				PRODUCT_NAME = "$(TARGET_NAME)";
				SWIFT_VERSION = 4.0;
				TARGETED_DEVICE_FAMILY = "1,2";
				TEST_TARGET_NAME = HOTHBruinTap;
			};
			name = Debug;
		};
		441176E81FB8F0EC0095E00C /* Release */ = {
			isa = XCBuildConfiguration;
			buildSettings = {
				ALWAYS_EMBED_SWIFT_STANDARD_LIBRARIES = YES;
				CODE_SIGN_STYLE = Automatic;
				DEVELOPMENT_TEAM = 35RJCBGV7U;
				INFOPLIST_FILE = HOTHBruinTapUITests/Info.plist;
				LD_RUNPATH_SEARCH_PATHS = "$(inherited) @executable_path/Frameworks @loader_path/Frameworks";
				PRODUCT_BUNDLE_IDENTIFIER = "Kevin-Tan.HOTHBruinTapUITests";
				PRODUCT_NAME = "$(TARGET_NAME)";
				SWIFT_VERSION = 4.0;
				TARGETED_DEVICE_FAMILY = "1,2";
				TEST_TARGET_NAME = HOTHBruinTap;
			};
			name = Release;
		};
/* End XCBuildConfiguration section */

/* Begin XCConfigurationList section */
		441176B31FB8F0EC0095E00C /* Build configuration list for PBXProject "HOTHBruinTap" */ = {
			isa = XCConfigurationList;
			buildConfigurations = (
				441176DE1FB8F0EC0095E00C /* Debug */,
				441176DF1FB8F0EC0095E00C /* Release */,
			);
			defaultConfigurationIsVisible = 0;
			defaultConfigurationName = Release;
		};
		441176E01FB8F0EC0095E00C /* Build configuration list for PBXNativeTarget "HOTHBruinTap" */ = {
			isa = XCConfigurationList;
			buildConfigurations = (
				441176E11FB8F0EC0095E00C /* Debug */,
				441176E21FB8F0EC0095E00C /* Release */,
			);
			defaultConfigurationIsVisible = 0;
			defaultConfigurationName = Release;
		};
		441176E31FB8F0EC0095E00C /* Build configuration list for PBXNativeTarget "HOTHBruinTapTests" */ = {
			isa = XCConfigurationList;
			buildConfigurations = (
				441176E41FB8F0EC0095E00C /* Debug */,
				441176E51FB8F0EC0095E00C /* Release */,
			);
			defaultConfigurationIsVisible = 0;
			defaultConfigurationName = Release;
		};
		441176E61FB8F0EC0095E00C /* Build configuration list for PBXNativeTarget "HOTHBruinTapUITests" */ = {
			isa = XCConfigurationList;
			buildConfigurations = (
				441176E71FB8F0EC0095E00C /* Debug */,
				441176E81FB8F0EC0095E00C /* Release */,
			);
			defaultConfigurationIsVisible = 0;
			defaultConfigurationName = Release;
		};
/* End XCConfigurationList section */
	};
	rootObject = 441176B01FB8F0EC0095E00C /* Project object */;
}
